// !$*UTF8*$!
{
	archiveVersion = 1;
	classes = {
	};
	objectVersion = 50;
	objects = {

/* Begin PBXBuildFile section */
		4599EEB12149727600D28C66 /* AppDelegate.m in Sources */ = {isa = PBXBuildFile; fileRef = 4599EEB02149727600D28C66 /* AppDelegate.m */; };
		4599EEB72149727600D28C66 /* Main.storyboard in Resources */ = {isa = PBXBuildFile; fileRef = 4599EEB52149727600D28C66 /* Main.storyboard */; };
		4599EEB92149727600D28C66 /* Assets.xcassets in Resources */ = {isa = PBXBuildFile; fileRef = 4599EEB82149727600D28C66 /* Assets.xcassets */; };
		4599EEBC2149727600D28C66 /* LaunchScreen.storyboard in Resources */ = {isa = PBXBuildFile; fileRef = 4599EEBA2149727600D28C66 /* LaunchScreen.storyboard */; };
		4599EEBF2149727600D28C66 /* main.m in Sources */ = {isa = PBXBuildFile; fileRef = 4599EEBE2149727600D28C66 /* main.m */; };
		4599EEC8214977F100D28C66 /* MVSubreddit.m in Sources */ = {isa = PBXBuildFile; fileRef = 4599EEC7214977F100D28C66 /* MVSubreddit.m */; };
		4599EECC21497F9D00D28C66 /* MVSubredditClient.m in Sources */ = {isa = PBXBuildFile; fileRef = 4599EECB21497F9D00D28C66 /* MVSubredditClient.m */; };
		4599EED02149A01C00D28C66 /* MVSubredditTableViewController.swift in Sources */ = {isa = PBXBuildFile; fileRef = 4599EECF2149A01C00D28C66 /* MVSubredditTableViewController.swift */; };
		4599EED32149A1C700D28C66 /* MVSubredditTableViewCell.swift in Sources */ = {isa = PBXBuildFile; fileRef = 4599EED22149A1C700D28C66 /* MVSubredditTableViewCell.swift */; };
/* End PBXBuildFile section */

/* Begin PBXFileReference section */
		4599EEAC2149727600D28C66 /* RedditObjC.app */ = {isa = PBXFileReference; explicitFileType = wrapper.application; includeInIndex = 0; path = RedditObjC.app; sourceTree = BUILT_PRODUCTS_DIR; };
		4599EEAF2149727600D28C66 /* AppDelegate.h */ = {isa = PBXFileReference; lastKnownFileType = sourcecode.c.h; path = AppDelegate.h; sourceTree = "<group>"; };
		4599EEB02149727600D28C66 /* AppDelegate.m */ = {isa = PBXFileReference; lastKnownFileType = sourcecode.c.objc; path = AppDelegate.m; sourceTree = "<group>"; };
		4599EEB62149727600D28C66 /* Base */ = {isa = PBXFileReference; lastKnownFileType = file.storyboard; name = Base; path = Base.lproj/Main.storyboard; sourceTree = "<group>"; };
		4599EEB82149727600D28C66 /* Assets.xcassets */ = {isa = PBXFileReference; lastKnownFileType = folder.assetcatalog; path = Assets.xcassets; sourceTree = "<group>"; };
		4599EEBB2149727600D28C66 /* Base */ = {isa = PBXFileReference; lastKnownFileType = file.storyboard; name = Base; path = Base.lproj/LaunchScreen.storyboard; sourceTree = "<group>"; };
		4599EEBD2149727600D28C66 /* Info.plist */ = {isa = PBXFileReference; lastKnownFileType = text.plist.xml; path = Info.plist; sourceTree = "<group>"; };
		4599EEBE2149727600D28C66 /* main.m */ = {isa = PBXFileReference; lastKnownFileType = sourcecode.c.objc; path = main.m; sourceTree = "<group>"; };
		4599EEC6214977F100D28C66 /* MVSubreddit.h */ = {isa = PBXFileReference; lastKnownFileType = sourcecode.c.h; path = MVSubreddit.h; sourceTree = "<group>"; };
		4599EEC7214977F100D28C66 /* MVSubreddit.m */ = {isa = PBXFileReference; lastKnownFileType = sourcecode.c.objc; path = MVSubreddit.m; sourceTree = "<group>"; };
		4599EECA21497F9D00D28C66 /* MVSubredditClient.h */ = {isa = PBXFileReference; lastKnownFileType = sourcecode.c.h; path = MVSubredditClient.h; sourceTree = "<group>"; };
		4599EECB21497F9D00D28C66 /* MVSubredditClient.m */ = {isa = PBXFileReference; lastKnownFileType = sourcecode.c.objc; path = MVSubredditClient.m; sourceTree = "<group>"; };
		4599EECE2149A01B00D28C66 /* RedditObjC-Bridging-Header.h */ = {isa = PBXFileReference; lastKnownFileType = sourcecode.c.h; path = "RedditObjC-Bridging-Header.h"; sourceTree = "<group>"; };
		4599EECF2149A01C00D28C66 /* MVSubredditTableViewController.swift */ = {isa = PBXFileReference; lastKnownFileType = sourcecode.swift; path = MVSubredditTableViewController.swift; sourceTree = "<group>"; };
		4599EED22149A1C700D28C66 /* MVSubredditTableViewCell.swift */ = {isa = PBXFileReference; lastKnownFileType = sourcecode.swift; path = MVSubredditTableViewCell.swift; sourceTree = "<group>"; };
/* End PBXFileReference section */

/* Begin PBXFrameworksBuildPhase section */
		4599EEA92149727600D28C66 /* Frameworks */ = {
			isa = PBXFrameworksBuildPhase;
			buildActionMask = 2147483647;
			files = (
			);
			runOnlyForDeploymentPostprocessing = 0;
		};
/* End PBXFrameworksBuildPhase section */

/* Begin PBXGroup section */
		4599EEA32149727600D28C66 = {
			isa = PBXGroup;
			children = (
				4599EEAE2149727600D28C66 /* RedditObjC */,
				4599EEAD2149727600D28C66 /* Products */,
			);
			sourceTree = "<group>";
		};
		4599EEAD2149727600D28C66 /* Products */ = {
			isa = PBXGroup;
			children = (
				4599EEAC2149727600D28C66 /* RedditObjC.app */,
			);
			name = Products;
			sourceTree = "<group>";
		};
		4599EEAE2149727600D28C66 /* RedditObjC */ = {
			isa = PBXGroup;
			children = (
				4599EEC52149750E00D28C66 /* Resources */,
				4599EED12149A0AA00D28C66 /* ViewControllers */,
				4599EED42149A2BD00D28C66 /* View */,
				4599EEC921497F6800D28C66 /* Models */,
				4599EECD21497FAE00D28C66 /* ModelControllers */,
			);
			path = RedditObjC;
			sourceTree = "<group>";
		};
		4599EEC52149750E00D28C66 /* Resources */ = {
			isa = PBXGroup;
			children = (
				4599EEAF2149727600D28C66 /* AppDelegate.h */,
				4599EEB02149727600D28C66 /* AppDelegate.m */,
				4599EEB52149727600D28C66 /* Main.storyboard */,
				4599EEB82149727600D28C66 /* Assets.xcassets */,
				4599EEBA2149727600D28C66 /* LaunchScreen.storyboard */,
				4599EEBD2149727600D28C66 /* Info.plist */,
				4599EEBE2149727600D28C66 /* main.m */,
				4599EECE2149A01B00D28C66 /* RedditObjC-Bridging-Header.h */,
			);
			path = Resources;
			sourceTree = "<group>";
		};
		4599EEC921497F6800D28C66 /* Models */ = {
			isa = PBXGroup;
			children = (
				4599EEC6214977F100D28C66 /* MVSubreddit.h */,
				4599EEC7214977F100D28C66 /* MVSubreddit.m */,
			);
			path = Models;
			sourceTree = "<group>";
		};
		4599EECD21497FAE00D28C66 /* ModelControllers */ = {
			isa = PBXGroup;
			children = (
				4599EECA21497F9D00D28C66 /* MVSubredditClient.h */,
				4599EECB21497F9D00D28C66 /* MVSubredditClient.m */,
			);
			path = ModelControllers;
			sourceTree = "<group>";
		};
		4599EED12149A0AA00D28C66 /* ViewControllers */ = {
			isa = PBXGroup;
			children = (
				4599EECF2149A01C00D28C66 /* MVSubredditTableViewController.swift */,
			);
			path = ViewControllers;
			sourceTree = "<group>";
		};
		4599EED42149A2BD00D28C66 /* View */ = {
			isa = PBXGroup;
			children = (
				4599EED22149A1C700D28C66 /* MVSubredditTableViewCell.swift */,
			);
			path = View;
			sourceTree = "<group>";
		};
/* End PBXGroup section */

/* Begin PBXNativeTarget section */
		4599EEAB2149727600D28C66 /* RedditObjC */ = {
			isa = PBXNativeTarget;
			buildConfigurationList = 4599EEC22149727600D28C66 /* Build configuration list for PBXNativeTarget "RedditObjC" */;
			buildPhases = (
				4599EEA82149727600D28C66 /* Sources */,
				4599EEA92149727600D28C66 /* Frameworks */,
				4599EEAA2149727600D28C66 /* Resources */,
			);
			buildRules = (
			);
			dependencies = (
			);
			name = RedditObjC;
			productName = RedditObjC;
			productReference = 4599EEAC2149727600D28C66 /* RedditObjC.app */;
			productType = "com.apple.product-type.application";
		};
/* End PBXNativeTarget section */

/* Begin PBXProject section */
		4599EEA42149727600D28C66 /* Project object */ = {
			isa = PBXProject;
			attributes = {
				CLASSPREFIX = MV;
				LastUpgradeCheck = 1000;
				ORGANIZATIONNAME = "Markus Varner";
				TargetAttributes = {
					4599EEAB2149727600D28C66 = {
						CreatedOnToolsVersion = 10.0;
						LastSwiftMigration = 1000;
					};
				};
			};
			buildConfigurationList = 4599EEA72149727600D28C66 /* Build configuration list for PBXProject "RedditObjC" */;
			compatibilityVersion = "Xcode 9.3";
			developmentRegion = en;
			hasScannedForEncodings = 0;
			knownRegions = (
				en,
				Base,
			);
			mainGroup = 4599EEA32149727600D28C66;
			productRefGroup = 4599EEAD2149727600D28C66 /* Products */;
			projectDirPath = "";
			projectRoot = "";
			targets = (
				4599EEAB2149727600D28C66 /* RedditObjC */,
			);
		};
/* End PBXProject section */

/* Begin PBXResourcesBuildPhase section */
		4599EEAA2149727600D28C66 /* Resources */ = {
			isa = PBXResourcesBuildPhase;
			buildActionMask = 2147483647;
			files = (
				4599EEBC2149727600D28C66 /* LaunchScreen.storyboard in Resources */,
				4599EEB92149727600D28C66 /* Assets.xcassets in Resources */,
				4599EEB72149727600D28C66 /* Main.storyboard in Resources */,
			);
			runOnlyForDeploymentPostprocessing = 0;
		};
/* End PBXResourcesBuildPhase section */

/* Begin PBXSourcesBuildPhase section */
		4599EEA82149727600D28C66 /* Sources */ = {
			isa = PBXSourcesBuildPhase;
			buildActionMask = 2147483647;
			files = (
				4599EED02149A01C00D28C66 /* MVSubredditTableViewController.swift in Sources */,
				4599EED32149A1C700D28C66 /* MVSubredditTableViewCell.swift in Sources */,
				4599EEBF2149727600D28C66 /* main.m in Sources */,
				4599EEB12149727600D28C66 /* AppDelegate.m in Sources */,
				4599EECC21497F9D00D28C66 /* MVSubredditClient.m in Sources */,
				4599EEC8214977F100D28C66 /* MVSubreddit.m in Sources */,
			);
			runOnlyForDeploymentPostprocessing = 0;
		};
/* End PBXSourcesBuildPhase section */

/* Begin PBXVariantGroup section */
		4599EEB52149727600D28C66 /* Main.storyboard */ = {
			isa = PBXVariantGroup;
			children = (
				4599EEB62149727600D28C66 /* Base */,
			);
			name = Main.storyboard;
			sourceTree = "<group>";
		};
		4599EEBA2149727600D28C66 /* LaunchScreen.storyboard */ = {
			isa = PBXVariantGroup;
			children = (
				4599EEBB2149727600D28C66 /* Base */,
			);
			name = LaunchScreen.storyboard;
			sourceTree = "<group>";
		};
/* End PBXVariantGroup section */

/* Begin XCBuildConfiguration section */
		4599EEC02149727600D28C66 /* Debug */ = {
			isa = XCBuildConfiguration;
			buildSettings = {
				ALWAYS_SEARCH_USER_PATHS = NO;
				CLANG_ANALYZER_NONNULL = YES;
				CLANG_ANALYZER_NUMBER_OBJECT_CONVERSION = YES_AGGRESSIVE;
				CLANG_CXX_LANGUAGE_STANDARD = "gnu++14";
				CLANG_CXX_LIBRARY = "libc++";
				CLANG_ENABLE_MODULES = YES;
				CLANG_ENABLE_OBJC_ARC = YES;
				CLANG_ENABLE_OBJC_WEAK = YES;
				CLANG_WARN_BLOCK_CAPTURE_AUTORELEASING = YES;
				CLANG_WARN_BOOL_CONVERSION = YES;
				CLANG_WARN_COMMA = YES;
				CLANG_WARN_CONSTANT_CONVERSION = YES;
				CLANG_WARN_DEPRECATED_OBJC_IMPLEMENTATIONS = YES;
				CLANG_WARN_DIRECT_OBJC_ISA_USAGE = YES_ERROR;
				CLANG_WARN_DOCUMENTATION_COMMENTS = YES;
				CLANG_WARN_EMPTY_BODY = YES;
				CLANG_WARN_ENUM_CONVERSION = YES;
				CLANG_WARN_INFINITE_RECURSION = YES;
				CLANG_WARN_INT_CONVERSION = YES;
				CLANG_WARN_NON_LITERAL_NULL_CONVERSION = YES;
				CLANG_WARN_OBJC_IMPLICIT_RETAIN_SELF = YES;
				CLANG_WARN_OBJC_LITERAL_CONVERSION = YES;
				CLANG_WARN_OBJC_ROOT_CLASS = YES_ERROR;
				CLANG_WARN_RANGE_LOOP_ANALYSIS = YES;
				CLANG_WARN_STRICT_PROTOTYPES = YES;
				CLANG_WARN_SUSPICIOUS_MOVE = YES;
				CLANG_WARN_UNGUARDED_AVAILABILITY = YES_AGGRESSIVE;
				CLANG_WARN_UNREACHABLE_CODE = YES;
				CLANG_WARN__DUPLICATE_METHOD_MATCH = YES;
				CODE_SIGN_IDENTITY = "iPhone Developer";
				COPY_PHASE_STRIP = NO;
				DEBUG_INFORMATION_FORMAT = dwarf;
				ENABLE_STRICT_OBJC_MSGSEND = YES;
				ENABLE_TESTABILITY = YES;
				GCC_C_LANGUAGE_STANDARD = gnu11;
				GCC_DYNAMIC_NO_PIC = NO;
				GCC_NO_COMMON_BLOCKS = YES;
				GCC_OPTIMIZATION_LEVEL = 0;
				GCC_PREPROCESSOR_DEFINITIONS = (
					"DEBUG=1",
					"$(inherited)",
				);
				GCC_WARN_64_TO_32_BIT_CONVERSION = YES;
				GCC_WARN_ABOUT_RETURN_TYPE = YES_ERROR;
				GCC_WARN_UNDECLARED_SELECTOR = YES;
				GCC_WARN_UNINITIALIZED_AUTOS = YES_AGGRESSIVE;
				GCC_WARN_UNUSED_FUNCTION = YES;
				GCC_WARN_UNUSED_VARIABLE = YES;
				IPHONEOS_DEPLOYMENT_TARGET = 12.0;
				MTL_ENABLE_DEBUG_INFO = INCLUDE_SOURCE;
				MTL_FAST_MATH = YES;
				ONLY_ACTIVE_ARCH = YES;
				SDKROOT = iphoneos;
			};
			name = Debug;
		};
		4599EEC12149727600D28C66 /* Release */ = {
			isa = XCBuildConfiguration;
			buildSettings = {
				ALWAYS_SEARCH_USER_PATHS = NO;
				CLANG_ANALYZER_NONNULL = YES;
				CLANG_ANALYZER_NUMBER_OBJECT_CONVERSION = YES_AGGRESSIVE;
				CLANG_CXX_LANGUAGE_STANDARD = "gnu++14";
				CLANG_CXX_LIBRARY = "libc++";
				CLANG_ENABLE_MODULES = YES;
				CLANG_ENABLE_OBJC_ARC = YES;
				CLANG_ENABLE_OBJC_WEAK = YES;
				CLANG_WARN_BLOCK_CAPTURE_AUTORELEASING = YES;
				CLANG_WARN_BOOL_CONVERSION = YES;
				CLANG_WARN_COMMA = YES;
				CLANG_WARN_CONSTANT_CONVERSION = YES;
				CLANG_WARN_DEPRECATED_OBJC_IMPLEMENTATIONS = YES;
				CLANG_WARN_DIRECT_OBJC_ISA_USAGE = YES_ERROR;
				CLANG_WARN_DOCUMENTATION_COMMENTS = YES;
				CLANG_WARN_EMPTY_BODY = YES;
				CLANG_WARN_ENUM_CONVERSION = YES;
				CLANG_WARN_INFINITE_RECURSION = YES;
				CLANG_WARN_INT_CONVERSION = YES;
				CLANG_WARN_NON_LITERAL_NULL_CONVERSION = YES;
				CLANG_WARN_OBJC_IMPLICIT_RETAIN_SELF = YES;
				CLANG_WARN_OBJC_LITERAL_CONVERSION = YES;
				CLANG_WARN_OBJC_ROOT_CLASS = YES_ERROR;
				CLANG_WARN_RANGE_LOOP_ANALYSIS = YES;
				CLANG_WARN_STRICT_PROTOTYPES = YES;
				CLANG_WARN_SUSPICIOUS_MOVE = YES;
				CLANG_WARN_UNGUARDED_AVAILABILITY = YES_AGGRESSIVE;
				CLANG_WARN_UNREACHABLE_CODE = YES;
				CLANG_WARN__DUPLICATE_METHOD_MATCH = YES;
				CODE_SIGN_IDENTITY = "iPhone Developer";
				COPY_PHASE_STRIP = NO;
				DEBUG_INFORMATION_FORMAT = "dwarf-with-dsym";
				ENABLE_NS_ASSERTIONS = NO;
				ENABLE_STRICT_OBJC_MSGSEND = YES;
				GCC_C_LANGUAGE_STANDARD = gnu11;
				GCC_NO_COMMON_BLOCKS = YES;
				GCC_WARN_64_TO_32_BIT_CONVERSION = YES;
				GCC_WARN_ABOUT_RETURN_TYPE = YES_ERROR;
				GCC_WARN_UNDECLARED_SELECTOR = YES;
				GCC_WARN_UNINITIALIZED_AUTOS = YES_AGGRESSIVE;
				GCC_WARN_UNUSED_FUNCTION = YES;
				GCC_WARN_UNUSED_VARIABLE = YES;
				IPHONEOS_DEPLOYMENT_TARGET = 12.0;
				MTL_ENABLE_DEBUG_INFO = NO;
				MTL_FAST_MATH = YES;
				SDKROOT = iphoneos;
				VALIDATE_PRODUCT = YES;
			};
			name = Release;
		};
		4599EEC32149727600D28C66 /* Debug */ = {
			isa = XCBuildConfiguration;
			buildSettings = {
				ASSETCATALOG_COMPILER_APPICON_NAME = AppIcon;
				CLANG_ENABLE_MODULES = YES;
				CODE_SIGN_STYLE = Automatic;
				DEVELOPMENT_TEAM = S3K462NKF6;
				INFOPLIST_FILE = "$(SRCROOT)/RedditObjC/Resources/Info.plist";
				LD_RUNPATH_SEARCH_PATHS = (
					"$(inherited)",
					"@executable_path/Frameworks",
				);
				PRODUCT_BUNDLE_IDENTIFIER = com.MarkusVarner.RedditObjC;
				PRODUCT_NAME = "$(TARGET_NAME)";
				SWIFT_OBJC_BRIDGING_HEADER = "RedditObjC/Resources/RedditObjC-Bridging-Header.h";
				SWIFT_OPTIMIZATION_LEVEL = "-Onone";
				SWIFT_VERSION = 4.2;
				TARGETED_DEVICE_FAMILY = "1,2";
			};
			name = Debug;
		};
		4599EEC42149727600D28C66 /* Release */ = {
			isa = XCBuildConfiguration;
			buildSettings = {
				ASSETCATALOG_COMPILER_APPICON_NAME = AppIcon;
				CLANG_ENABLE_MODULES = YES;
				CODE_SIGN_STYLE = Automatic;
				DEVELOPMENT_TEAM = S3K462NKF6;
				INFOPLIST_FILE = "$(SRCROOT)/RedditObjC/Resources/Info.plist";
				LD_RUNPATH_SEARCH_PATHS = (
					"$(inherited)",
					"@executable_path/Frameworks",
				);
				PRODUCT_BUNDLE_IDENTIFIER = com.MarkusVarner.RedditObjC;
				PRODUCT_NAME = "$(TARGET_NAME)";
				SWIFT_OBJC_BRIDGING_HEADER = "RedditObjC/Resources/RedditObjC-Bridging-Header.h";
				SWIFT_VERSION = 4.2;
				TARGETED_DEVICE_FAMILY = "1,2";
			};
			name = Release;
		};
/* End XCBuildConfiguration section */

/* Begin XCConfigurationList section */
		4599EEA72149727600D28C66 /* Build configuration list for PBXProject "RedditObjC" */ = {
			isa = XCConfigurationList;
			buildConfigurations = (
				4599EEC02149727600D28C66 /* Debug */,
				4599EEC12149727600D28C66 /* Release */,
			);
			defaultConfigurationIsVisible = 0;
			defaultConfigurationName = Release;
		};
		4599EEC22149727600D28C66 /* Build configuration list for PBXNativeTarget "RedditObjC" */ = {
			isa = XCConfigurationList;
			buildConfigurations = (
				4599EEC32149727600D28C66 /* Debug */,
				4599EEC42149727600D28C66 /* Release */,
			);
			defaultConfigurationIsVisible = 0;
			defaultConfigurationName = Release;
		};
/* End XCConfigurationList section */
	};
	rootObject = 4599EEA42149727600D28C66 /* Project object */;
}
